{
    "_readme": [
        "This file locks the dependencies of your project to a known state",
        "Read more about it at https://getcomposer.org/doc/01-basic-usage.md#installing-dependencies",
        "This file is @generated automatically"
    ],
    "content-hash": "60588b7e270dd80f9c2591f21b1ade9b",
    "packages": [
        {
            "name": "sezamin/dbmanager",
            "version": "1.0",
            "source": {
                "type": "git",
                "url": "https://github.com/sezamin/dbmanager.git",
                "reference": "313d5466f7cf3265765efb34c7ce27dbcda8ac8a"
            },
            "dist": {
                "type": "zip",
                "url": "https://api.github.com/repos/sezamin/dbmanager/zipball/313d5466f7cf3265765efb34c7ce27dbcda8ac8a",
                "reference": "313d5466f7cf3265765efb34c7ce27dbcda8ac8a",
                "shasum": ""
            },
            "require": {
                "ext-pdo": "*",
                "ext-pdo_mysql": "*"
            },
            "type": "library",
            "autoload": {
                "psr-4": {
                    "Sezamin\\Db\\": "src/"
                }
            },
            "authors": [
                {
                    "name": "shukurov",
                    "email": "shukurove@gmail.com"
                }
            ],
            "description": "Db manager",
            "support": {
                "source": "https://github.com/sezamin/dbmanager/tree/1.0",
                "issues": "https://github.com/sezamin/dbmanager/issues"
            },
            "time": "2020-05-24T14:11:07+00:00"
        }
    ],
    "packages-dev": [],
    "aliases": [],
    "minimum-stability": "stable",
    "stability-flags": [],
    "prefer-stable": false,
    "prefer-lowest": false,
    "platform": [],
    "platform-dev": []
}
